
Microsoft Visual Studio Solution File, Format Version 12.00
# Visual Studio Version 17
VisualStudioVersion = 17.0.31903.59
MinimumVisualStudioVersion = 10.0.40219.1
Project("{9A19103F-16F7-4668-BE54-9A1E7A4F7556}") = "SmartEdu", "SmartEdu\SmartEdu.csproj", "{A944ECA4-8580-4E96-B255-7F16BEF36287}"
EndProject
Global
	GlobalSection(SolutionConfigurationPlatforms) = preSolution
		Debug|Any CPU = Debug|Any CPU
		Release|Any CPU = Release|Any CPU
	EndGlobalSection
	GlobalSection(ProjectConfigurationPlatforms) = postSolution
		{A944ECA4-8580-4E96-B255-7F16BEF36287}.Debug|Any CPU.ActiveCfg = Debug|Any CPU
		{A944ECA4-8580-4E96-B255-7F16BEF36287}.Debug|Any CPU.Build.0 = Debug|Any CPU
		{A944ECA4-8580-4E96-B255-7F16BEF36287}.Release|Any CPU.ActiveCfg = Release|Any CPU
		{A944ECA4-8580-4E96-B255-7F16BEF36287}.Release|Any CPU.Build.0 = Release|Any CPU
	EndGlobalSection
	GlobalSection(SolutionProperties) = preSolution
		HideSolutionNode = FALSE
	EndGlobalSection
	GlobalSection(ExtensibilityGlobals) = postSolution
		SolutionGuid = {E19CB54F-9078-4F2F-9C6A-A10CBDE08529}
	EndGlobalSection
EndGlobal
